
Microsoft Visual Studio Solution File, Format Version 12.00
# Visual Studio Version 17
VisualStudioVersion = 17.8.34322.80
MinimumVisualStudioVersion = 10.0.40219.1
Project("{9A19103F-16F7-4668-BE54-9A1E7A4F7556}") = "Tanner.Template.Base.API", "Tanner.Template.Base.API\Tanner.Template.Base.API.csproj", "{191924DA-3CF1-4496-96DD-13687AD9E5DB}"
EndProject
Project("{9A19103F-16F7-4668-BE54-9A1E7A4F7556}") = "Tanner.Template.Base.Common", "Tanner.Template.Base.Common\Tanner.Template.Base.Common.csproj", "{C9670204-2AD6-4227-9FD6-3C7A660A67AB}"
EndProject
Project("{9A19103F-16F7-4668-BE54-9A1E7A4F7556}") = "Tanner.Template.Base.DataAccess", "Tanner.Template.Base.DataAccess\Tanner.Template.Base.DataAccess.csproj", "{FF27A3A4-7C49-49EA-9295-31DD40F78AB0}"
EndProject
Project("{9A19103F-16F7-4668-BE54-9A1E7A4F7556}") = "Tanner.Template.Base.Service", "Tanner.Template.Base.Service\Tanner.Template.Base.Service.csproj", "{F31662A3-F48D-49B3-8CE3-D401B0DFC7A0}"
EndProject
Project("{2150E333-8FDC-42A3-9474-1A3956D46DE8}") = "Solution Items", "Solution Items", "{A3FBE5EB-98B5-44A4-9ACE-BBE5051D81CF}"
	ProjectSection(SolutionItems) = preProject
		CHANGELOG.md = CHANGELOG.md
		README.md = README.md
	EndProjectSection
EndProject
Project("{2150E333-8FDC-42A3-9474-1A3956D46DE8}") = "src", "src", "{AE2B17D0-99DB-43B2-A04E-B4EEBE158DD8}"
EndProject
Project("{2150E333-8FDC-42A3-9474-1A3956D46DE8}") = "test", "test", "{C9426BEA-83E1-4947-B6E2-9CD3D8CEAE11}"
EndProject
Project("{9A19103F-16F7-4668-BE54-9A1E7A4F7556}") = "Tanner.Template.Base.Test", "Tanner.Template.Base.Test\Tanner.Template.Base.Test.csproj", "{08ED6AB2-9D5D-4858-A1BE-16E5F2577AC6}"
EndProject
Project("{FAE04EC0-301F-11D3-BF4B-00C04F79EFBC}") = "Tanner.Template.Base.Models", "Tanner.Template.Base.Models\Tanner.Template.Base.Models.csproj", "{60B04230-C230-4774-B5B7-31A3F9B6479D}"
EndProject
Global
	GlobalSection(SolutionConfigurationPlatforms) = preSolution
		Debug|Any CPU = Debug|Any CPU
		Release|Any CPU = Release|Any CPU
	EndGlobalSection
	GlobalSection(ProjectConfigurationPlatforms) = postSolution
		{191924DA-3CF1-4496-96DD-13687AD9E5DB}.Debug|Any CPU.ActiveCfg = Debug|Any CPU
		{191924DA-3CF1-4496-96DD-13687AD9E5DB}.Debug|Any CPU.Build.0 = Debug|Any CPU
		{191924DA-3CF1-4496-96DD-13687AD9E5DB}.Release|Any CPU.ActiveCfg = Release|Any CPU
		{191924DA-3CF1-4496-96DD-13687AD9E5DB}.Release|Any CPU.Build.0 = Release|Any CPU
		{C9670204-2AD6-4227-9FD6-3C7A660A67AB}.Debug|Any CPU.ActiveCfg = Debug|Any CPU
		{C9670204-2AD6-4227-9FD6-3C7A660A67AB}.Debug|Any CPU.Build.0 = Debug|Any CPU
		{C9670204-2AD6-4227-9FD6-3C7A660A67AB}.Release|Any CPU.ActiveCfg = Release|Any CPU
		{C9670204-2AD6-4227-9FD6-3C7A660A67AB}.Release|Any CPU.Build.0 = Release|Any CPU
		{FF27A3A4-7C49-49EA-9295-31DD40F78AB0}.Debug|Any CPU.ActiveCfg = Debug|Any CPU
		{FF27A3A4-7C49-49EA-9295-31DD40F78AB0}.Debug|Any CPU.Build.0 = Debug|Any CPU
		{FF27A3A4-7C49-49EA-9295-31DD40F78AB0}.Release|Any CPU.ActiveCfg = Release|Any CPU
		{FF27A3A4-7C49-49EA-9295-31DD40F78AB0}.Release|Any CPU.Build.0 = Release|Any CPU
		{F31662A3-F48D-49B3-8CE3-D401B0DFC7A0}.Debug|Any CPU.ActiveCfg = Debug|Any CPU
		{F31662A3-F48D-49B3-8CE3-D401B0DFC7A0}.Debug|Any CPU.Build.0 = Debug|Any CPU
		{F31662A3-F48D-49B3-8CE3-D401B0DFC7A0}.Release|Any CPU.ActiveCfg = Release|Any CPU
		{F31662A3-F48D-49B3-8CE3-D401B0DFC7A0}.Release|Any CPU.Build.0 = Release|Any CPU
		{08ED6AB2-9D5D-4858-A1BE-16E5F2577AC6}.Debug|Any CPU.ActiveCfg = Debug|Any CPU
		{08ED6AB2-9D5D-4858-A1BE-16E5F2577AC6}.Debug|Any CPU.Build.0 = Debug|Any CPU
		{08ED6AB2-9D5D-4858-A1BE-16E5F2577AC6}.Release|Any CPU.ActiveCfg = Release|Any CPU
		{08ED6AB2-9D5D-4858-A1BE-16E5F2577AC6}.Release|Any CPU.Build.0 = Release|Any CPU
		{60B04230-C230-4774-B5B7-31A3F9B6479D}.Debug|Any CPU.ActiveCfg = Debug|Any CPU
		{60B04230-C230-4774-B5B7-31A3F9B6479D}.Debug|Any CPU.Build.0 = Debug|Any CPU
		{60B04230-C230-4774-B5B7-31A3F9B6479D}.Release|Any CPU.ActiveCfg = Release|Any CPU
		{60B04230-C230-4774-B5B7-31A3F9B6479D}.Release|Any CPU.Build.0 = Release|Any CPU
	EndGlobalSection
	GlobalSection(SolutionProperties) = preSolution
		HideSolutionNode = FALSE
	EndGlobalSection
	GlobalSection(NestedProjects) = preSolution
		{191924DA-3CF1-4496-96DD-13687AD9E5DB} = {AE2B17D0-99DB-43B2-A04E-B4EEBE158DD8}
		{C9670204-2AD6-4227-9FD6-3C7A660A67AB} = {AE2B17D0-99DB-43B2-A04E-B4EEBE158DD8}
		{FF27A3A4-7C49-49EA-9295-31DD40F78AB0} = {AE2B17D0-99DB-43B2-A04E-B4EEBE158DD8}
		{F31662A3-F48D-49B3-8CE3-D401B0DFC7A0} = {AE2B17D0-99DB-43B2-A04E-B4EEBE158DD8}
		{08ED6AB2-9D5D-4858-A1BE-16E5F2577AC6} = {C9426BEA-83E1-4947-B6E2-9CD3D8CEAE11}
		{60B04230-C230-4774-B5B7-31A3F9B6479D} = {AE2B17D0-99DB-43B2-A04E-B4EEBE158DD8}
	EndGlobalSection
	GlobalSection(ExtensibilityGlobals) = postSolution
		SolutionGuid = {9DE98ECD-3CBD-46CF-AD13-D39947B62124}
	EndGlobalSection
EndGlobal
